Microsoft Visual Studio Solution File, Format Version 12.00
# Visual Studio 2012
Project("{FAE04EC0-301F-11D3-BF4B-00C04F79EFBC}") = "MyNewGame", "MyNewGame.csproj", "{D42C9F8F-529A-4067-A9C1-A0EFD78209BE}"
EndProject
Project("{FAE04EC0-301F-11D3-BF4B-00C04F79EFBC}") = "DataBase", "..\Libs\DataBase\DataBase.csproj", "{76D72D03-3E92-42EE-AA9B-E40886CF641A}"
EndProject
Global
	GlobalSection(SolutionConfigurationPlatforms) = preSolution
	Debug|Any CPU = Debug|Any CPU
	ExportDebug|Any CPU = ExportDebug|Any CPU
	ExportRelease|Any CPU = ExportRelease|Any CPU
	EndGlobalSection
	GlobalSection(ProjectConfigurationPlatforms) = postSolution
		{D42C9F8F-529A-4067-A9C1-A0EFD78209BE}.Debug|Any CPU.ActiveCfg = Debug|Any CPU
		{D42C9F8F-529A-4067-A9C1-A0EFD78209BE}.Debug|Any CPU.Build.0 = Debug|Any CPU
		{D42C9F8F-529A-4067-A9C1-A0EFD78209BE}.ExportDebug|Any CPU.ActiveCfg = ExportDebug|Any CPU
		{D42C9F8F-529A-4067-A9C1-A0EFD78209BE}.ExportDebug|Any CPU.Build.0 = ExportDebug|Any CPU
		{D42C9F8F-529A-4067-A9C1-A0EFD78209BE}.ExportRelease|Any CPU.ActiveCfg = ExportRelease|Any CPU
		{D42C9F8F-529A-4067-A9C1-A0EFD78209BE}.ExportRelease|Any CPU.Build.0 = ExportRelease|Any CPU
		{76D72D03-3E92-42EE-AA9B-E40886CF641A}.Debug|Any CPU.ActiveCfg = Debug|Any CPU
		{76D72D03-3E92-42EE-AA9B-E40886CF641A}.Debug|Any CPU.Build.0 = Debug|Any CPU
		{76D72D03-3E92-42EE-AA9B-E40886CF641A}.ExportDebug|Any CPU.ActiveCfg = Debug|Any CPU
		{76D72D03-3E92-42EE-AA9B-E40886CF641A}.ExportDebug|Any CPU.Build.0 = Debug|Any CPU
		{76D72D03-3E92-42EE-AA9B-E40886CF641A}.ExportRelease|Any CPU.ActiveCfg = Debug|Any CPU
		{76D72D03-3E92-42EE-AA9B-E40886CF641A}.ExportRelease|Any CPU.Build.0 = Debug|Any CPU
	EndGlobalSection
EndGlobal
